
Microsoft Visual Studio Solution File, Format Version 12.00
# Visual Studio Version 16
VisualStudioVersion = 16.0.30804.86
MinimumVisualStudioVersion = 10.0.40219.1
Project("{FAE04EC0-301F-11D3-BF4B-00C04F79EFBC}") = "AirportLuggageSortingSystem", "AirportLuggageSortingSystem\AirportLuggageSortingSystem.csproj", "{0D0E0FCD-E01D-4317-A704-97DE3163BA28}"
EndProject
Global
	GlobalSection(SolutionConfigurationPlatforms) = preSolution
		Debug|Any CPU = Debug|Any CPU
		Release|Any CPU = Release|Any CPU
	EndGlobalSection
	GlobalSection(ProjectConfigurationPlatforms) = postSolution
		{0D0E0FCD-E01D-4317-A704-97DE3163BA28}.Debug|Any CPU.ActiveCfg = Debug|Any CPU
		{0D0E0FCD-E01D-4317-A704-97DE3163BA28}.Debug|Any CPU.Build.0 = Debug|Any CPU
		{0D0E0FCD-E01D-4317-A704-97DE3163BA28}.Release|Any CPU.ActiveCfg = Release|Any CPU
		{0D0E0FCD-E01D-4317-A704-97DE3163BA28}.Release|Any CPU.Build.0 = Release|Any CPU
	EndGlobalSection
	GlobalSection(SolutionProperties) = preSolution
		HideSolutionNode = FALSE
	EndGlobalSection
	GlobalSection(ExtensibilityGlobals) = postSolution
		SolutionGuid = {B7DDC3A9-6BA7-423A-A017-F1D33652C4B6}
	EndGlobalSection
EndGlobal
